{
  "name": "dsh-soc-agent-client",
  "version": "0.1.0",
  "lockfileVersion": 3,
  "requires": true,
  "packages": {
    "": {
      "name": "dsh-soc-agent-client",
      "version": "0.1.0",
      "devDependencies": {
        "@deepseek-ai/dsh-client-connection": "file:../../vendor/deepseek-harness/packages/client/connection",
        "@deepseek-ai/dsh-client-runtime": "file:../../vendor/deepseek-harness/packages/client/runtime",
        "@deepseek-ai/dsh-client-ui-layout": "file:../../vendor/deepseek-harness/packages/client/ui-layout",
        "@deepseek-ai/dsh-client-ui-settings": "file:../../vendor/deepseek-harness/packages/client/ui-settings",
        "@deepseek-ai/dsh-client-ui-tool": "file:../../vendor/deepseek-harness/packages/client/ui-tool",
        "@types/node": "^24.13.3",
        "@types/react": "~18.3.1",
        "react": "^18.2.0",
        "typescript": "^5.9.2"
      },
      "peerDependencies": {
        "@deepseek-ai/dsh-client-connection": "*",
        "@deepseek-ai/dsh-client-runtime": "*",
        "@deepseek-ai/dsh-client-ui-layout": "*",
        "@deepseek-ai/dsh-client-ui-settings": "*",
        "@deepseek-ai/dsh-client-ui-tool": "*",
        "react": "^18.2.0"
      }
    },
    "../../vendor/deepseek-harness/packages/client/connection": {
      "name": "@deepseek-ai/dsh-client-connection",
      "version": "0.1.1-rc.2",
      "dev": true,
      "license": "MIT",
      "dependencies": {
        "@deepseek-ai/schemastery": "workspace:^",
        "ws": "^8.21.0"
      },
      "devDependencies": {
        "@deepseek-ai/cordis": "workspace:^",
        "@deepseek-ai/dsh-attachment": "workspace:^",
        "@deepseek-ai/dsh-commands": "workspace:^",
        "@deepseek-ai/dsh-host-apiproxy": "workspace:^",
        "@deepseek-ai/dsh-host-webserver": "workspace:^",
        "@deepseek-ai/dsh-invariants": "workspace:^",
        "@deepseek-ai/dsh-llm": "workspace:^",
        "@deepseek-ai/dsh-session": "workspace:^",
        "@deepseek-ai/dsh-tools": "workspace:^",
        "@types/ws": "^8.18.1"
      },
      "peerDependencies": {
        "@deepseek-ai/cordis": "workspace:^",
        "@deepseek-ai/dsh-attachment": "workspace:^",
        "@deepseek-ai/dsh-commands": "workspace:^",
        "@deepseek-ai/dsh-host-apiproxy": "workspace:^",
        "@deepseek-ai/dsh-host-webserver": "workspace:^",
        "@deepseek-ai/dsh-invariants": "workspace:^",
        "@deepseek-ai/dsh-llm": "workspace:^",
        "@deepseek-ai/dsh-session": "workspace:^",
        "@deepseek-ai/dsh-tools": "workspace:^"
      }
    },
    "../../vendor/deepseek-harness/packages/client/runtime": {
      "name": "@deepseek-ai/dsh-client-runtime",
      "version": "0.1.1-rc.2",
      "dev": true,
      "license": "MIT",
      "dependencies": {
        "immer": "^10.1.1",
        "zustand": "~4.4.7"
      },
      "devDependencies": {
        "@deepseek-ai/cordis": "workspace:^",
        "@deepseek-ai/dsh-agent": "workspace:^",
        "@deepseek-ai/dsh-api-remotes": "workspace:^",
        "@deepseek-ai/dsh-attachment": "workspace:^",
        "@deepseek-ai/dsh-client-connection": "workspace:^",
        "@deepseek-ai/dsh-client-ui-slots": "workspace:^",
        "@deepseek-ai/dsh-commands": "workspace:^",
        "@deepseek-ai/dsh-host-apiproxy": "workspace:^",
        "@deepseek-ai/dsh-invariants": "workspace:^",
        "@deepseek-ai/dsh-llm": "workspace:^",
        "@deepseek-ai/dsh-llm-retry": "workspace:^",
        "@deepseek-ai/dsh-session": "workspace:^",
        "@deepseek-ai/dsh-session-projection": "workspace:^",
        "@deepseek-ai/dsh-session-title": "workspace:^",
        "@deepseek-ai/dsh-timeout": "workspace:^",
        "@deepseek-ai/dsh-tools": "workspace:^",
        "@deepseek-ai/dsh-typert-protocol": "workspace:^",
        "@deepseek-ai/dsh-typert-registry": "workspace:^",
        "@types/react": "~18.3.1",
        "react": "^18.2.0"
      },
      "peerDependencies": {
        "@deepseek-ai/cordis": "workspace:^",
        "@deepseek-ai/dsh-agent": "workspace:^",
        "@deepseek-ai/dsh-api-remotes": "workspace:^",
        "@deepseek-ai/dsh-attachment": "workspace:^",
        "@deepseek-ai/dsh-client-connection": "workspace:^",
        "@deepseek-ai/dsh-commands": "workspace:^",
        "@deepseek-ai/dsh-host-apiproxy": "workspace:^",
        "@deepseek-ai/dsh-invariants": "workspace:^",
        "@deepseek-ai/dsh-llm": "workspace:^",
        "@deepseek-ai/dsh-llm-retry": "workspace:^",
        "@deepseek-ai/dsh-session": "workspace:^",
        "@deepseek-ai/dsh-session-projection": "workspace:^",
        "@deepseek-ai/dsh-session-title": "workspace:^",
        "@deepseek-ai/dsh-tools": "workspace:^",
        "@deepseek-ai/dsh-typert-protocol": "workspace:^",
        "@deepseek-ai/dsh-typert-registry": "workspace:^"
      }
    },
    "../../vendor/deepseek-harness/packages/client/ui-layout": {
      "name": "@deepseek-ai/dsh-client-ui-layout",
      "version": "0.1.1-rc.2",
      "dev": true,
      "license": "MIT",
      "devDependencies": {
        "@deepseek-ai/cordis": "workspace:^",
        "@deepseek-ai/dsh-client-locale": "workspace:^",
        "@deepseek-ai/dsh-client-runtime": "workspace:^",
        "@deepseek-ai/dsh-client-ui-slots": "workspace:^",
        "@deepseek-ai/dsh-client-ui-theme": "workspace:^",
        "@deepseek-ai/dsh-client-ui-wallpaper": "workspace:^",
        "@deepseek-ai/dsh-invariants": "workspace:^",
        "@types/react": "~18.3.1",
        "react": "^18.2.0"
      },
      "peerDependencies": {
        "@deepseek-ai/cordis": "workspace:^",
        "@deepseek-ai/dsh-client-runtime": "workspace:^",
        "@deepseek-ai/dsh-client-ui-theme": "workspace:^",
        "@deepseek-ai/dsh-client-ui-wallpaper": "workspace:^",
        "@deepseek-ai/dsh-invariants": "workspace:^"
      }
    },
    "../../vendor/deepseek-harness/packages/client/ui-settings": {
      "name": "@deepseek-ai/dsh-client-ui-settings",
      "version": "0.1.1-rc.2",
      "dev": true,
      "license": "MIT",
      "dependencies": {
        "@deepseek-ai/schemastery": "workspace:^"
      },
      "devDependencies": {
        "@deepseek-ai/cordis": "workspace:^",
        "@deepseek-ai/dsh-api-remotes": "workspace:^",
        "@deepseek-ai/dsh-client-connection": "workspace:^",
        "@deepseek-ai/dsh-client-runtime": "workspace:^",
        "@deepseek-ai/dsh-client-test-runtime": "workspace:^",
        "@deepseek-ai/dsh-client-ui-slots": "workspace:^",
        "@deepseek-ai/dsh-invariants": "workspace:^",
        "@deepseek-ai/dsh-settings": "workspace:^",
        "@types/react": "~18.3.1",
        "react": "^18.2.0"
      },
      "peerDependencies": {
        "@deepseek-ai/cordis": "workspace:^",
        "@deepseek-ai/dsh-api-remotes": "workspace:^",
        "@deepseek-ai/dsh-client-connection": "workspace:^",
        "@deepseek-ai/dsh-client-runtime": "workspace:^",
        "@deepseek-ai/dsh-invariants": "workspace:^",
        "@deepseek-ai/dsh-settings": "workspace:^"
      }
    },
    "../../vendor/deepseek-harness/packages/client/ui-tool": {
      "name": "@deepseek-ai/dsh-client-ui-tool",
      "version": "0.1.1-rc.2",
      "dev": true,
      "license": "MIT",
      "dependencies": {
        "clsx": "^2.0.0"
      },
      "devDependencies": {
        "@deepseek-ai/cordis": "workspace:^",
        "@deepseek-ai/dsh-api-remotes": "workspace:^",
        "@deepseek-ai/dsh-client-connection": "workspace:^",
        "@deepseek-ai/dsh-client-locale": "workspace:^",
        "@deepseek-ai/dsh-client-runtime": "workspace:^",
        "@deepseek-ai/dsh-client-test-runtime": "workspace:^",
        "@deepseek-ai/dsh-client-ui-conversation": "workspace:^",
        "@deepseek-ai/dsh-client-ui-primitives": "workspace:^",
        "@deepseek-ai/dsh-client-ui-slots": "workspace:^",
        "@deepseek-ai/dsh-invariants": "workspace:^",
        "@testing-library/react": "^16.1.0",
        "@types/react": "~18.3.1",
        "react": "^18.2.0",
        "react-dom": "^18.2.0"
      },
      "peerDependencies": {
        "@deepseek-ai/cordis": "workspace:^",
        "@deepseek-ai/dsh-api-remotes": "workspace:^",
        "@deepseek-ai/dsh-client-connection": "workspace:^",
        "@deepseek-ai/dsh-client-locale": "workspace:^",
        "@deepseek-ai/dsh-client-runtime": "workspace:^",
        "@deepseek-ai/dsh-client-ui-conversation": "workspace:^",
        "@deepseek-ai/dsh-invariants": "workspace:^"
      }
    },
    "node_modules/@deepseek-ai/dsh-client-connection": {
      "resolved": "../../vendor/deepseek-harness/packages/client/connection",
      "link": true
    },
    "node_modules/@deepseek-ai/dsh-client-runtime": {
      "resolved": "../../vendor/deepseek-harness/packages/client/runtime",
      "link": true
    },
    "node_modules/@deepseek-ai/dsh-client-ui-layout": {
      "resolved": "../../vendor/deepseek-harness/packages/client/ui-layout",
      "link": true
    },
    "node_modules/@deepseek-ai/dsh-client-ui-settings": {
      "resolved": "../../vendor/deepseek-harness/packages/client/ui-settings",
      "link": true
    },
    "node_modules/@deepseek-ai/dsh-client-ui-tool": {
      "resolved": "../../vendor/deepseek-harness/packages/client/ui-tool",
      "link": true
    },
    "node_modules/@types/node": {
      "version": "24.13.3",
      "dev": true,
      "license": "MIT",
      "dependencies": {
        "undici-types": "~7.18.0"
      }
    },
    "node_modules/@types/prop-types": {
      "version": "15.7.15",
      "dev": true,
      "license": "MIT"
    },
    "node_modules/@types/react": {
      "version": "18.3.31",
      "dev": true,
      "license": "MIT",
      "dependencies": {
        "@types/prop-types": "*",
        "csstype": "^3.2.2"
      }
    },
    "node_modules/csstype": {
      "version": "3.2.3",
      "dev": true,
      "license": "MIT"
    },
    "node_modules/js-tokens": {
      "version": "4.0.0",
      "dev": true,
      "license": "MIT"
    },
    "node_modules/loose-envify": {
      "version": "1.4.0",
      "dev": true,
      "license": "MIT",
      "dependencies": {
        "js-tokens": "^3.0.0 || ^4.0.0"
      },
      "bin": {
        "loose-envify": "cli.js"
      }
    },
    "node_modules/react": {
      "version": "18.3.1",
      "dev": true,
      "license": "MIT",
      "dependencies": {
        "loose-envify": "^1.1.0"
      },
      "engines": {
        "node": ">=0.10.0"
      }
    },
    "node_modules/typescript": {
      "version": "5.9.3",
      "dev": true,
      "license": "Apache-2.0",
      "bin": {
        "tsc": "bin/tsc",
        "tsserver": "bin/tsserver"
      },
      "engines": {
        "node": ">=14.17"
      }
    },
    "node_modules/undici-types": {
      "version": "7.18.2",
      "dev": true,
      "license": "MIT"
    }
  }
}
